// !$*UTF8*$!
{
	archiveVersion = 1;
	classes = {
	};
	objectVersion = 46;
	objects = {

/* Begin PBXBuildFile section */
		04E7018B22C8FF0500B86C10 /* AppDelegate.swift in Sources */ = {isa = PBXBuildFile; fileRef = 04E7018A22C8FF0500B86C10 /* AppDelegate.swift */; };
		04E7018D22C8FF0500B86C10 /* ViewController.swift in Sources */ = {isa = PBXBuildFile; fileRef = 04E7018C22C8FF0500B86C10 /* ViewController.swift */; };
		04E7019022C8FF0500B86C10 /* Main.storyboard in Resources */ = {isa = PBXBuildFile; fileRef = 04E7018E22C8FF0500B86C10 /* Main.storyboard */; };
		04E7019222C8FF0600B86C10 /* Assets.xcassets in Resources */ = {isa = PBXBuildFile; fileRef = 04E7019122C8FF0600B86C10 /* Assets.xcassets */; };
		04E7019522C8FF0600B86C10 /* LaunchScreen.storyboard in Resources */ = {isa = PBXBuildFile; fileRef = 04E7019322C8FF0600B86C10 /* LaunchScreen.storyboard */; };
		04E7019B22C8FF8100B86C10 /* QRCode.swift in Sources */ = {isa = PBXBuildFile; fileRef = 04E7019A22C8FF8100B86C10 /* QRCode.swift */; };
		04E7019D22C906D800B86C10 /* avatar.png in Resources */ = {isa = PBXBuildFile; fileRef = 04E7019C22C906D800B86C10 /* avatar.png */; };
		517E701F1BB3B19A000D3303 /* main.m in Sources */ = {isa = PBXBuildFile; fileRef = 517E701E1BB3B19A000D3303 /* main.m */; };
		517E70221BB3B19A000D3303 /* AppDelegate.m in Sources */ = {isa = PBXBuildFile; fileRef = 517E70211BB3B19A000D3303 /* AppDelegate.m */; };
		517E70251BB3B19A000D3303 /* ViewController.m in Sources */ = {isa = PBXBuildFile; fileRef = 517E70241BB3B19A000D3303 /* ViewController.m */; };
		517E70281BB3B19A000D3303 /* Main.storyboard in Resources */ = {isa = PBXBuildFile; fileRef = 517E70261BB3B19A000D3303 /* Main.storyboard */; };
		517E702A1BB3B19A000D3303 /* Assets.xcassets in Resources */ = {isa = PBXBuildFile; fileRef = 517E70291BB3B19A000D3303 /* Assets.xcassets */; };
		517E702D1BB3B19A000D3303 /* LaunchScreen.storyboard in Resources */ = {isa = PBXBuildFile; fileRef = 517E702B1BB3B19A000D3303 /* LaunchScreen.storyboard */; };
		517E70361BB3B1D5000D3303 /* QRCode.m in Sources */ = {isa = PBXBuildFile; fileRef = 517E70351BB3B1D5000D3303 /* QRCode.m */; };
		51BC18131BB3E582008ED94C /* dog.jpg in Resources */ = {isa = PBXBuildFile; fileRef = 51BC18121BB3E582008ED94C /* dog.jpg */; };
/* End PBXBuildFile section */

/* Begin PBXFileReference section */
		04E7018822C8FF0500B86C10 /* QRCodeWithSwift.app */ = {isa = PBXFileReference; explicitFileType = wrapper.application; includeInIndex = 0; path = QRCodeWithSwift.app; sourceTree = BUILT_PRODUCTS_DIR; };
		04E7018A22C8FF0500B86C10 /* AppDelegate.swift */ = {isa = PBXFileReference; lastKnownFileType = sourcecode.swift; path = AppDelegate.swift; sourceTree = "<group>"; };
		04E7018C22C8FF0500B86C10 /* ViewController.swift */ = {isa = PBXFileReference; lastKnownFileType = sourcecode.swift; path = ViewController.swift; sourceTree = "<group>"; };
		04E7018F22C8FF0500B86C10 /* Base */ = {isa = PBXFileReference; lastKnownFileType = file.storyboard; name = Base; path = Base.lproj/Main.storyboard; sourceTree = "<group>"; };
		04E7019122C8FF0600B86C10 /* Assets.xcassets */ = {isa = PBXFileReference; lastKnownFileType = folder.assetcatalog; path = Assets.xcassets; sourceTree = "<group>"; };
		04E7019422C8FF0600B86C10 /* Base */ = {isa = PBXFileReference; lastKnownFileType = file.storyboard; name = Base; path = Base.lproj/LaunchScreen.storyboard; sourceTree = "<group>"; };
		04E7019622C8FF0600B86C10 /* Info.plist */ = {isa = PBXFileReference; lastKnownFileType = text.plist.xml; path = Info.plist; sourceTree = "<group>"; };
		04E7019A22C8FF8100B86C10 /* QRCode.swift */ = {isa = PBXFileReference; lastKnownFileType = sourcecode.swift; path = QRCode.swift; sourceTree = "<group>"; };
		04E7019C22C906D800B86C10 /* avatar.png */ = {isa = PBXFileReference; lastKnownFileType = image.png; path = avatar.png; sourceTree = "<group>"; };
		517E701A1BB3B19A000D3303 /* QRCode.app */ = {isa = PBXFileReference; explicitFileType = wrapper.application; includeInIndex = 0; path = QRCode.app; sourceTree = BUILT_PRODUCTS_DIR; };
		517E701E1BB3B19A000D3303 /* main.m */ = {isa = PBXFileReference; lastKnownFileType = sourcecode.c.objc; path = main.m; sourceTree = "<group>"; };
		517E70201BB3B19A000D3303 /* AppDelegate.h */ = {isa = PBXFileReference; lastKnownFileType = sourcecode.c.h; path = AppDelegate.h; sourceTree = "<group>"; };
		517E70211BB3B19A000D3303 /* AppDelegate.m */ = {isa = PBXFileReference; lastKnownFileType = sourcecode.c.objc; path = AppDelegate.m; sourceTree = "<group>"; };
		517E70231BB3B19A000D3303 /* ViewController.h */ = {isa = PBXFileReference; lastKnownFileType = sourcecode.c.h; path = ViewController.h; sourceTree = "<group>"; };
		517E70241BB3B19A000D3303 /* ViewController.m */ = {isa = PBXFileReference; lastKnownFileType = sourcecode.c.objc; path = ViewController.m; sourceTree = "<group>"; };
		517E70271BB3B19A000D3303 /* Base */ = {isa = PBXFileReference; lastKnownFileType = file.storyboard; name = Base; path = Base.lproj/Main.storyboard; sourceTree = "<group>"; };
		517E70291BB3B19A000D3303 /* Assets.xcassets */ = {isa = PBXFileReference; lastKnownFileType = folder.assetcatalog; path = Assets.xcassets; sourceTree = "<group>"; };
		517E702C1BB3B19A000D3303 /* Base */ = {isa = PBXFileReference; lastKnownFileType = file.storyboard; name = Base; path = Base.lproj/LaunchScreen.storyboard; sourceTree = "<group>"; };
		517E702E1BB3B19A000D3303 /* Info.plist */ = {isa = PBXFileReference; lastKnownFileType = text.plist.xml; path = Info.plist; sourceTree = "<group>"; };
		517E70341BB3B1D5000D3303 /* QRCode.h */ = {isa = PBXFileReference; fileEncoding = 4; lastKnownFileType = sourcecode.c.h; path = QRCode.h; sourceTree = "<group>"; };
		517E70351BB3B1D5000D3303 /* QRCode.m */ = {isa = PBXFileReference; fileEncoding = 4; lastKnownFileType = sourcecode.c.objc; path = QRCode.m; sourceTree = "<group>"; };
		51BC18121BB3E582008ED94C /* dog.jpg */ = {isa = PBXFileReference; lastKnownFileType = image.jpeg; path = dog.jpg; sourceTree = "<group>"; };
/* End PBXFileReference section */

/* Begin PBXFrameworksBuildPhase section */
		04E7018522C8FF0500B86C10 /* Frameworks */ = {
			isa = PBXFrameworksBuildPhase;
			buildActionMask = 2147483647;
			files = (
			);
			runOnlyForDeploymentPostprocessing = 0;
		};
		517E70171BB3B19A000D3303 /* Frameworks */ = {
			isa = PBXFrameworksBuildPhase;
			buildActionMask = 2147483647;
			files = (
			);
			runOnlyForDeploymentPostprocessing = 0;
		};
/* End PBXFrameworksBuildPhase section */

/* Begin PBXGroup section */
		04E7018922C8FF0500B86C10 /* QRCodeWithSwift */ = {
			isa = PBXGroup;
			children = (
				04E7019C22C906D800B86C10 /* avatar.png */,
				04E7018A22C8FF0500B86C10 /* AppDelegate.swift */,
				04E7018C22C8FF0500B86C10 /* ViewController.swift */,
				04E7019A22C8FF8100B86C10 /* QRCode.swift */,
				04E7018E22C8FF0500B86C10 /* Main.storyboard */,
				04E7019122C8FF0600B86C10 /* Assets.xcassets */,
				04E7019322C8FF0600B86C10 /* LaunchScreen.storyboard */,
				04E7019622C8FF0600B86C10 /* Info.plist */,
			);
			path = QRCodeWithSwift;
			sourceTree = "<group>";
		};
		517E70111BB3B19A000D3303 = {
			isa = PBXGroup;
			children = (
				517E701C1BB3B19A000D3303 /* QRCode */,
				04E7018922C8FF0500B86C10 /* QRCodeWithSwift */,
				517E701B1BB3B19A000D3303 /* Products */,
			);
			sourceTree = "<group>";
		};
		517E701B1BB3B19A000D3303 /* Products */ = {
			isa = PBXGroup;
			children = (
				517E701A1BB3B19A000D3303 /* QRCode.app */,
				04E7018822C8FF0500B86C10 /* QRCodeWithSwift.app */,
			);
			name = Products;
			sourceTree = "<group>";
		};
		517E701C1BB3B19A000D3303 /* QRCode */ = {
			isa = PBXGroup;
			children = (
				51BC18121BB3E582008ED94C /* dog.jpg */,
				517E70201BB3B19A000D3303 /* AppDelegate.h */,
				517E70211BB3B19A000D3303 /* AppDelegate.m */,
				517E70231BB3B19A000D3303 /* ViewController.h */,
				517E70241BB3B19A000D3303 /* ViewController.m */,
				517E70341BB3B1D5000D3303 /* QRCode.h */,
				517E70351BB3B1D5000D3303 /* QRCode.m */,
				517E70261BB3B19A000D3303 /* Main.storyboard */,
				517E70291BB3B19A000D3303 /* Assets.xcassets */,
				517E702B1BB3B19A000D3303 /* LaunchScreen.storyboard */,
				517E702E1BB3B19A000D3303 /* Info.plist */,
				517E701D1BB3B19A000D3303 /* Supporting Files */,
			);
			path = QRCode;
			sourceTree = "<group>";
		};
		517E701D1BB3B19A000D3303 /* Supporting Files */ = {
			isa = PBXGroup;
			children = (
				517E701E1BB3B19A000D3303 /* main.m */,
			);
			name = "Supporting Files";
			sourceTree = "<group>";
		};
/* End PBXGroup section */

/* Begin PBXNativeTarget section */
		04E7018722C8FF0500B86C10 /* QRCodeWithSwift */ = {
			isa = PBXNativeTarget;
			buildConfigurationList = 04E7019722C8FF0600B86C10 /* Build configuration list for PBXNativeTarget "QRCodeWithSwift" */;
			buildPhases = (
				04E7018422C8FF0500B86C10 /* Sources */,
				04E7018522C8FF0500B86C10 /* Frameworks */,
				04E7018622C8FF0500B86C10 /* Resources */,
			);
			buildRules = (
			);
			dependencies = (
			);
			name = QRCodeWithSwift;
			productName = QRCodeWithSwift;
			productReference = 04E7018822C8FF0500B86C10 /* QRCodeWithSwift.app */;
			productType = "com.apple.product-type.application";
		};
		517E70191BB3B19A000D3303 /* QRCode */ = {
			isa = PBXNativeTarget;
			buildConfigurationList = 517E70311BB3B19A000D3303 /* Build configuration list for PBXNativeTarget "QRCode" */;
			buildPhases = (
				517E70161BB3B19A000D3303 /* Sources */,
				517E70171BB3B19A000D3303 /* Frameworks */,
				517E70181BB3B19A000D3303 /* Resources */,
			);
			buildRules = (
			);
			dependencies = (
			);
			name = QRCode;
			productName = QRCode;
			productReference = 517E701A1BB3B19A000D3303 /* QRCode.app */;
			productType = "com.apple.product-type.application";
		};
/* End PBXNativeTarget section */

/* Begin PBXProject section */
		517E70121BB3B19A000D3303 /* Project object */ = {
			isa = PBXProject;
			attributes = {
				LastSwiftUpdateCheck = 1020;
				LastUpgradeCheck = 0700;
				ORGANIZATIONNAME = rc;
				TargetAttributes = {
					04E7018722C8FF0500B86C10 = {
						CreatedOnToolsVersion = 10.2.1;
						ProvisioningStyle = Automatic;
					};
					517E70191BB3B19A000D3303 = {
						CreatedOnToolsVersion = 7.0;
					};
				};
			};
			buildConfigurationList = 517E70151BB3B19A000D3303 /* Build configuration list for PBXProject "QRCode" */;
			compatibilityVersion = "Xcode 3.2";
			developmentRegion = English;
			hasScannedForEncodings = 0;
			knownRegions = (
				English,
				en,
				Base,
			);
			mainGroup = 517E70111BB3B19A000D3303;
			productRefGroup = 517E701B1BB3B19A000D3303 /* Products */;
			projectDirPath = "";
			projectRoot = "";
			targets = (
				517E70191BB3B19A000D3303 /* QRCode */,
				04E7018722C8FF0500B86C10 /* QRCodeWithSwift */,
			);
		};
/* End PBXProject section */

/* Begin PBXResourcesBuildPhase section */
		04E7018622C8FF0500B86C10 /* Resources */ = {
			isa = PBXResourcesBuildPhase;
			buildActionMask = 2147483647;
			files = (
				04E7019D22C906D800B86C10 /* avatar.png in Resources */,
				04E7019522C8FF0600B86C10 /* LaunchScreen.storyboard in Resources */,
				04E7019222C8FF0600B86C10 /* Assets.xcassets in Resources */,
				04E7019022C8FF0500B86C10 /* Main.storyboard in Resources */,
			);
			runOnlyForDeploymentPostprocessing = 0;
		};
		517E70181BB3B19A000D3303 /* Resources */ = {
			isa = PBXResourcesBuildPhase;
			buildActionMask = 2147483647;
			files = (
				51BC18131BB3E582008ED94C /* dog.jpg in Resources */,
				517E702D1BB3B19A000D3303 /* LaunchScreen.storyboard in Resources */,
				517E702A1BB3B19A000D3303 /* Assets.xcassets in Resources */,
				517E70281BB3B19A000D3303 /* Main.storyboard in Resources */,
			);
			runOnlyForDeploymentPostprocessing = 0;
		};
/* End PBXResourcesBuildPhase section */

/* Begin PBXSourcesBuildPhase section */
		04E7018422C8FF0500B86C10 /* Sources */ = {
			isa = PBXSourcesBuildPhase;
			buildActionMask = 2147483647;
			files = (
				04E7018D22C8FF0500B86C10 /* ViewController.swift in Sources */,
				04E7018B22C8FF0500B86C10 /* AppDelegate.swift in Sources */,
				04E7019B22C8FF8100B86C10 /* QRCode.swift in Sources */,
			);
			runOnlyForDeploymentPostprocessing = 0;
		};
		517E70161BB3B19A000D3303 /* Sources */ = {
			isa = PBXSourcesBuildPhase;
			buildActionMask = 2147483647;
			files = (
				517E70251BB3B19A000D3303 /* ViewController.m in Sources */,
				517E70361BB3B1D5000D3303 /* QRCode.m in Sources */,
				517E70221BB3B19A000D3303 /* AppDelegate.m in Sources */,
				517E701F1BB3B19A000D3303 /* main.m in Sources */,
			);
			runOnlyForDeploymentPostprocessing = 0;
		};
/* End PBXSourcesBuildPhase section */

/* Begin PBXVariantGroup section */
		04E7018E22C8FF0500B86C10 /* Main.storyboard */ = {
			isa = PBXVariantGroup;
			children = (
				04E7018F22C8FF0500B86C10 /* Base */,
			);
			name = Main.storyboard;
			sourceTree = "<group>";
		};
		04E7019322C8FF0600B86C10 /* LaunchScreen.storyboard */ = {
			isa = PBXVariantGroup;
			children = (
				04E7019422C8FF0600B86C10 /* Base */,
			);
			name = LaunchScreen.storyboard;
			sourceTree = "<group>";
		};
		517E70261BB3B19A000D3303 /* Main.storyboard */ = {
			isa = PBXVariantGroup;
			children = (
				517E70271BB3B19A000D3303 /* Base */,
			);
			name = Main.storyboard;
			sourceTree = "<group>";
		};
		517E702B1BB3B19A000D3303 /* LaunchScreen.storyboard */ = {
			isa = PBXVariantGroup;
			children = (
				517E702C1BB3B19A000D3303 /* Base */,
			);
			name = LaunchScreen.storyboard;
			sourceTree = "<group>";
		};
/* End PBXVariantGroup section */

/* Begin XCBuildConfiguration section */
		04E7019822C8FF0600B86C10 /* Debug */ = {
			isa = XCBuildConfiguration;
			buildSettings = {
				ASSETCATALOG_COMPILER_APPICON_NAME = AppIcon;
				CLANG_ANALYZER_NONNULL = YES;
				CLANG_ANALYZER_NUMBER_OBJECT_CONVERSION = YES_AGGRESSIVE;
				CLANG_CXX_LANGUAGE_STANDARD = "gnu++14";
				CLANG_ENABLE_OBJC_WEAK = YES;
				CLANG_WARN_BLOCK_CAPTURE_AUTORELEASING = YES;
				CLANG_WARN_COMMA = YES;
				CLANG_WARN_DEPRECATED_OBJC_IMPLEMENTATIONS = YES;
				CLANG_WARN_DOCUMENTATION_COMMENTS = YES;
				CLANG_WARN_INFINITE_RECURSION = YES;
				CLANG_WARN_NON_LITERAL_NULL_CONVERSION = YES;
				CLANG_WARN_OBJC_IMPLICIT_RETAIN_SELF = YES;
				CLANG_WARN_OBJC_LITERAL_CONVERSION = YES;
				CLANG_WARN_RANGE_LOOP_ANALYSIS = YES;
				CLANG_WARN_STRICT_PROTOTYPES = YES;
				CLANG_WARN_SUSPICIOUS_MOVE = YES;
				CLANG_WARN_UNGUARDED_AVAILABILITY = YES_AGGRESSIVE;
				CODE_SIGN_IDENTITY = "iPhone Developer";
				CODE_SIGN_STYLE = Automatic;
				GCC_C_LANGUAGE_STANDARD = gnu11;
				INFOPLIST_FILE = QRCodeWithSwift/Info.plist;
				IPHONEOS_DEPLOYMENT_TARGET = 12.2;
				LD_RUNPATH_SEARCH_PATHS = "$(inherited) @executable_path/Frameworks";
				MTL_ENABLE_DEBUG_INFO = INCLUDE_SOURCE;
				MTL_FAST_MATH = YES;
				PRODUCT_BUNDLE_IDENTIFIER = c9j.ttt.QRCodeWithSwift;
				PRODUCT_NAME = "$(TARGET_NAME)";
				SWIFT_ACTIVE_COMPILATION_CONDITIONS = DEBUG;
				SWIFT_OPTIMIZATION_LEVEL = "-Onone";
				SWIFT_VERSION = 5.0;
				TARGETED_DEVICE_FAMILY = "1,2";
			};
			name = Debug;
		};
		04E7019922C8FF0600B86C10 /* Release */ = {
			isa = XCBuildConfiguration;
			buildSettings = {
				ASSETCATALOG_COMPILER_APPICON_NAME = AppIcon;
				CLANG_ANALYZER_NONNULL = YES;
				CLANG_ANALYZER_NUMBER_OBJECT_CONVERSION = YES_AGGRESSIVE;
				CLANG_CXX_LANGUAGE_STANDARD = "gnu++14";
				CLANG_ENABLE_OBJC_WEAK = YES;
				CLANG_WARN_BLOCK_CAPTURE_AUTORELEASING = YES;
				CLANG_WARN_COMMA = YES;
				CLANG_WARN_DEPRECATED_OBJC_IMPLEMENTATIONS = YES;
				CLANG_WARN_DOCUMENTATION_COMMENTS = YES;
				CLANG_WARN_INFINITE_RECURSION = YES;
				CLANG_WARN_NON_LITERAL_NULL_CONVERSION = YES;
				CLANG_WARN_OBJC_IMPLICIT_RETAIN_SELF = YES;
				CLANG_WARN_OBJC_LITERAL_CONVERSION = YES;
				CLANG_WARN_RANGE_LOOP_ANALYSIS = YES;
				CLANG_WARN_STRICT_PROTOTYPES = YES;
				CLANG_WARN_SUSPICIOUS_MOVE = YES;
				CLANG_WARN_UNGUARDED_AVAILABILITY = YES_AGGRESSIVE;
				CODE_SIGN_IDENTITY = "iPhone Developer";
				CODE_SIGN_STYLE = Automatic;
				GCC_C_LANGUAGE_STANDARD = gnu11;
				INFOPLIST_FILE = QRCodeWithSwift/Info.plist;
				IPHONEOS_DEPLOYMENT_TARGET = 12.2;
				LD_RUNPATH_SEARCH_PATHS = "$(inherited) @executable_path/Frameworks";
				MTL_FAST_MATH = YES;
				PRODUCT_BUNDLE_IDENTIFIER = c9j.ttt.QRCodeWithSwift;
				PRODUCT_NAME = "$(TARGET_NAME)";
				SWIFT_OPTIMIZATION_LEVEL = "-Owholemodule";
				SWIFT_VERSION = 5.0;
				TARGETED_DEVICE_FAMILY = "1,2";
			};
			name = Release;
		};
		517E702F1BB3B19A000D3303 /* Debug */ = {
			isa = XCBuildConfiguration;
			buildSettings = {
				ALWAYS_SEARCH_USER_PATHS = NO;
				CLANG_CXX_LANGUAGE_STANDARD = "gnu++0x";
				CLANG_CXX_LIBRARY = "libc++";
				CLANG_ENABLE_MODULES = YES;
				CLANG_ENABLE_OBJC_ARC = YES;
				CLANG_WARN_BOOL_CONVERSION = YES;
				CLANG_WARN_CONSTANT_CONVERSION = YES;
				CLANG_WARN_DIRECT_OBJC_ISA_USAGE = YES_ERROR;
				CLANG_WARN_EMPTY_BODY = YES;
				CLANG_WARN_ENUM_CONVERSION = YES;
				CLANG_WARN_INT_CONVERSION = YES;
				CLANG_WARN_OBJC_ROOT_CLASS = YES_ERROR;
				CLANG_WARN_UNREACHABLE_CODE = YES;
				CLANG_WARN__DUPLICATE_METHOD_MATCH = YES;
				"CODE_SIGN_IDENTITY[sdk=iphoneos*]" = "iPhone Developer";
				COPY_PHASE_STRIP = NO;
				DEBUG_INFORMATION_FORMAT = dwarf;
				ENABLE_STRICT_OBJC_MSGSEND = YES;
				ENABLE_TESTABILITY = YES;
				GCC_C_LANGUAGE_STANDARD = gnu99;
				GCC_DYNAMIC_NO_PIC = NO;
				GCC_NO_COMMON_BLOCKS = YES;
				GCC_OPTIMIZATION_LEVEL = 0;
				GCC_PREPROCESSOR_DEFINITIONS = (
					"DEBUG=1",
					"$(inherited)",
				);
				GCC_WARN_64_TO_32_BIT_CONVERSION = YES;
				GCC_WARN_ABOUT_RETURN_TYPE = YES_ERROR;
				GCC_WARN_UNDECLARED_SELECTOR = YES;
				GCC_WARN_UNINITIALIZED_AUTOS = YES_AGGRESSIVE;
				GCC_WARN_UNUSED_FUNCTION = YES;
				GCC_WARN_UNUSED_VARIABLE = YES;
				IPHONEOS_DEPLOYMENT_TARGET = 9.0;
				MTL_ENABLE_DEBUG_INFO = YES;
				ONLY_ACTIVE_ARCH = YES;
				SDKROOT = iphoneos;
			};
			name = Debug;
		};
		517E70301BB3B19A000D3303 /* Release */ = {
			isa = XCBuildConfiguration;
			buildSettings = {
				ALWAYS_SEARCH_USER_PATHS = NO;
				CLANG_CXX_LANGUAGE_STANDARD = "gnu++0x";
				CLANG_CXX_LIBRARY = "libc++";
				CLANG_ENABLE_MODULES = YES;
				CLANG_ENABLE_OBJC_ARC = YES;
				CLANG_WARN_BOOL_CONVERSION = YES;
				CLANG_WARN_CONSTANT_CONVERSION = YES;
				CLANG_WARN_DIRECT_OBJC_ISA_USAGE = YES_ERROR;
				CLANG_WARN_EMPTY_BODY = YES;
				CLANG_WARN_ENUM_CONVERSION = YES;
				CLANG_WARN_INT_CONVERSION = YES;
				CLANG_WARN_OBJC_ROOT_CLASS = YES_ERROR;
				CLANG_WARN_UNREACHABLE_CODE = YES;
				CLANG_WARN__DUPLICATE_METHOD_MATCH = YES;
				"CODE_SIGN_IDENTITY[sdk=iphoneos*]" = "iPhone Developer";
				COPY_PHASE_STRIP = NO;
				DEBUG_INFORMATION_FORMAT = "dwarf-with-dsym";
				ENABLE_NS_ASSERTIONS = NO;
				ENABLE_STRICT_OBJC_MSGSEND = YES;
				GCC_C_LANGUAGE_STANDARD = gnu99;
				GCC_NO_COMMON_BLOCKS = YES;
				GCC_WARN_64_TO_32_BIT_CONVERSION = YES;
				GCC_WARN_ABOUT_RETURN_TYPE = YES_ERROR;
				GCC_WARN_UNDECLARED_SELECTOR = YES;
				GCC_WARN_UNINITIALIZED_AUTOS = YES_AGGRESSIVE;
				GCC_WARN_UNUSED_FUNCTION = YES;
				GCC_WARN_UNUSED_VARIABLE = YES;
				IPHONEOS_DEPLOYMENT_TARGET = 9.0;
				MTL_ENABLE_DEBUG_INFO = NO;
				SDKROOT = iphoneos;
				VALIDATE_PRODUCT = YES;
			};
			name = Release;
		};
		517E70321BB3B19A000D3303 /* Debug */ = {
			isa = XCBuildConfiguration;
			buildSettings = {
				ASSETCATALOG_COMPILER_APPICON_NAME = AppIcon;
				INFOPLIST_FILE = QRCode/Info.plist;
				IPHONEOS_DEPLOYMENT_TARGET = 7.1;
				LD_RUNPATH_SEARCH_PATHS = "$(inherited) @executable_path/Frameworks";
				PRODUCT_BUNDLE_IDENTIFIER = com.tassel.QRCode;
				PRODUCT_NAME = "$(TARGET_NAME)";
			};
			name = Debug;
		};
		517E70331BB3B19A000D3303 /* Release */ = {
			isa = XCBuildConfiguration;
			buildSettings = {
				ASSETCATALOG_COMPILER_APPICON_NAME = AppIcon;
				INFOPLIST_FILE = QRCode/Info.plist;
				IPHONEOS_DEPLOYMENT_TARGET = 7.1;
				LD_RUNPATH_SEARCH_PATHS = "$(inherited) @executable_path/Frameworks";
				PRODUCT_BUNDLE_IDENTIFIER = com.tassel.QRCode;
				PRODUCT_NAME = "$(TARGET_NAME)";
			};
			name = Release;
		};
/* End XCBuildConfiguration section */

/* Begin XCConfigurationList section */
		04E7019722C8FF0600B86C10 /* Build configuration list for PBXNativeTarget "QRCodeWithSwift" */ = {
			isa = XCConfigurationList;
			buildConfigurations = (
				04E7019822C8FF0600B86C10 /* Debug */,
				04E7019922C8FF0600B86C10 /* Release */,
			);
			defaultConfigurationIsVisible = 0;
			defaultConfigurationName = Release;
		};
		517E70151BB3B19A000D3303 /* Build configuration list for PBXProject "QRCode" */ = {
			isa = XCConfigurationList;
			buildConfigurations = (
				517E702F1BB3B19A000D3303 /* Debug */,
				517E70301BB3B19A000D3303 /* Release */,
			);
			defaultConfigurationIsVisible = 0;
			defaultConfigurationName = Release;
		};
		517E70311BB3B19A000D3303 /* Build configuration list for PBXNativeTarget "QRCode" */ = {
			isa = XCConfigurationList;
			buildConfigurations = (
				517E70321BB3B19A000D3303 /* Debug */,
				517E70331BB3B19A000D3303 /* Release */,
			);
			defaultConfigurationIsVisible = 0;
			defaultConfigurationName = Release;
		};
/* End XCConfigurationList section */
	};
	rootObject = 517E70121BB3B19A000D3303 /* Project object */;
}
